
Microsoft Visual Studio Solution File, Format Version 12.00
# Visual Studio 15
VisualStudioVersion = 15.0.28307.329
MinimumVisualStudioVersion = 10.0.40219.1
Project("{FAE04EC0-301F-11D3-BF4B-00C04F79EFBC}") = "HistoryCollection", "HistoryCollection\HistoryCollection.csproj", "{307F5D1C-2E26-48AC-B064-4F0492D7D014}"
EndProject
Project("{FAE04EC0-301F-11D3-BF4B-00C04F79EFBC}") = "HistoryCollectionTests", "HistoryCollectionTests\HistoryCollectionTests.csproj", "{07921795-DF1A-4CA1-AA28-E557BFAF3EF2}"
EndProject
Project("{2150E333-8FDC-42A3-9474-1A3956D46DE8}") = "Solution Items", "Solution Items", "{32A08BA7-EDAD-4702-920C-01727661E7A4}"
	ProjectSection(SolutionItems) = preProject
		InlineColorPicker.png = InlineColorPicker.png
		README.md = README.md
	EndProjectSection
EndProject
Global
	GlobalSection(SolutionConfigurationPlatforms) = preSolution
		Debug|Any CPU = Debug|Any CPU
		Release|Any CPU = Release|Any CPU
	EndGlobalSection
	GlobalSection(ProjectConfigurationPlatforms) = postSolution
		{307F5D1C-2E26-48AC-B064-4F0492D7D014}.Debug|Any CPU.ActiveCfg = Debug|Any CPU
		{307F5D1C-2E26-48AC-B064-4F0492D7D014}.Debug|Any CPU.Build.0 = Debug|Any CPU
		{307F5D1C-2E26-48AC-B064-4F0492D7D014}.Release|Any CPU.ActiveCfg = Release|Any CPU
		{307F5D1C-2E26-48AC-B064-4F0492D7D014}.Release|Any CPU.Build.0 = Release|Any CPU
		{07921795-DF1A-4CA1-AA28-E557BFAF3EF2}.Debug|Any CPU.ActiveCfg = Debug|Any CPU
		{07921795-DF1A-4CA1-AA28-E557BFAF3EF2}.Debug|Any CPU.Build.0 = Debug|Any CPU
		{07921795-DF1A-4CA1-AA28-E557BFAF3EF2}.Release|Any CPU.ActiveCfg = Release|Any CPU
		{07921795-DF1A-4CA1-AA28-E557BFAF3EF2}.Release|Any CPU.Build.0 = Release|Any CPU
	EndGlobalSection
	GlobalSection(SolutionProperties) = preSolution
		HideSolutionNode = FALSE
	EndGlobalSection
	GlobalSection(ExtensibilityGlobals) = postSolution
		SolutionGuid = {35C90252-AC3E-47DE-99DD-FAA46213A977}
	EndGlobalSection
EndGlobal
